// !$*UTF8*$!
{
	archiveVersion = 1;
	classes = {
	};
	objectVersion = 55;
	objects = {

/* Begin PBXBuildFile section */
		420E5D02283CA1A100EE601B /* ViewModelNetworking.swift in Sources */ = {isa = PBXBuildFile; fileRef = 420E5D01283CA1A100EE601B /* ViewModelNetworking.swift */; };
		420E5D04283CA22A00EE601B /* UserModel.swift in Sources */ = {isa = PBXBuildFile; fileRef = 420E5D03283CA22A00EE601B /* UserModel.swift */; };
		420E5D06283CA23600EE601B /* MessageModel.swift in Sources */ = {isa = PBXBuildFile; fileRef = 420E5D05283CA23600EE601B /* MessageModel.swift */; };
		4270461D28380A550038A8AF /* MessageViewModel.swift in Sources */ = {isa = PBXBuildFile; fileRef = 4270461C28380A550038A8AF /* MessageViewModel.swift */; };
		4270461F28380A650038A8AF /* UserViewModel.swift in Sources */ = {isa = PBXBuildFile; fileRef = 4270461E28380A650038A8AF /* UserViewModel.swift */; };
		42704621283817FD0038A8AF /* ViewModelCommon.swift in Sources */ = {isa = PBXBuildFile; fileRef = 42704620283817FD0038A8AF /* ViewModelCommon.swift */; };
		4284CEC7283C92E7002A8AFC /* CreateMessageView.swift in Sources */ = {isa = PBXBuildFile; fileRef = 4284CEC6283C92E7002A8AFC /* CreateMessageView.swift */; };
		42A9EEA4283C6EA200E85919 /* ErrorView.swift in Sources */ = {isa = PBXBuildFile; fileRef = 42A9EEA3283C6EA200E85919 /* ErrorView.swift */; };
		42B2E46C2838EC150014BC83 /* MessageView.swift in Sources */ = {isa = PBXBuildFile; fileRef = 42B2E46B2838EC150014BC83 /* MessageView.swift */; };
		42B2E46E283909300014BC83 /* LoginView.swift in Sources */ = {isa = PBXBuildFile; fileRef = 42B2E46D283909300014BC83 /* LoginView.swift */; };
		42B2E470283910B30014BC83 /* RegisterView.swift in Sources */ = {isa = PBXBuildFile; fileRef = 42B2E46F283910B30014BC83 /* RegisterView.swift */; };
		42B78351283560DB00E18476 /* ChirperApp.swift in Sources */ = {isa = PBXBuildFile; fileRef = 42B78350283560DB00E18476 /* ChirperApp.swift */; };
		42B78353283560DB00E18476 /* ContentView.swift in Sources */ = {isa = PBXBuildFile; fileRef = 42B78352283560DB00E18476 /* ContentView.swift */; };
		42B78355283560DD00E18476 /* Assets.xcassets in Resources */ = {isa = PBXBuildFile; fileRef = 42B78354283560DD00E18476 /* Assets.xcassets */; };
		42B78358283560DD00E18476 /* Preview Assets.xcassets in Resources */ = {isa = PBXBuildFile; fileRef = 42B78357283560DD00E18476 /* Preview Assets.xcassets */; };
/* End PBXBuildFile section */

/* Begin PBXFileReference section */
		420E5D01283CA1A100EE601B /* ViewModelNetworking.swift */ = {isa = PBXFileReference; lastKnownFileType = sourcecode.swift; path = ViewModelNetworking.swift; sourceTree = "<group>"; };
		420E5D03283CA22A00EE601B /* UserModel.swift */ = {isa = PBXFileReference; lastKnownFileType = sourcecode.swift; path = UserModel.swift; sourceTree = "<group>"; };
		420E5D05283CA23600EE601B /* MessageModel.swift */ = {isa = PBXFileReference; lastKnownFileType = sourcecode.swift; path = MessageModel.swift; sourceTree = "<group>"; };
		4270461C28380A550038A8AF /* MessageViewModel.swift */ = {isa = PBXFileReference; lastKnownFileType = sourcecode.swift; path = MessageViewModel.swift; sourceTree = "<group>"; };
		4270461E28380A650038A8AF /* UserViewModel.swift */ = {isa = PBXFileReference; lastKnownFileType = sourcecode.swift; path = UserViewModel.swift; sourceTree = "<group>"; };
		42704620283817FD0038A8AF /* ViewModelCommon.swift */ = {isa = PBXFileReference; lastKnownFileType = sourcecode.swift; path = ViewModelCommon.swift; sourceTree = "<group>"; };
		42704622283845DA0038A8AF /* Info.plist */ = {isa = PBXFileReference; lastKnownFileType = text.plist; path = Info.plist; sourceTree = "<group>"; };
		4284CEC6283C92E7002A8AFC /* CreateMessageView.swift */ = {isa = PBXFileReference; lastKnownFileType = sourcecode.swift; path = CreateMessageView.swift; sourceTree = "<group>"; };
		42A9EEA3283C6EA200E85919 /* ErrorView.swift */ = {isa = PBXFileReference; lastKnownFileType = sourcecode.swift; path = ErrorView.swift; sourceTree = "<group>"; };
		42B2E46B2838EC150014BC83 /* MessageView.swift */ = {isa = PBXFileReference; lastKnownFileType = sourcecode.swift; path = MessageView.swift; sourceTree = "<group>"; };
		42B2E46D283909300014BC83 /* LoginView.swift */ = {isa = PBXFileReference; lastKnownFileType = sourcecode.swift; path = LoginView.swift; sourceTree = "<group>"; };
		42B2E46F283910B30014BC83 /* RegisterView.swift */ = {isa = PBXFileReference; lastKnownFileType = sourcecode.swift; path = RegisterView.swift; sourceTree = "<group>"; };
		42B7834D283560DB00E18476 /* Chirper.app */ = {isa = PBXFileReference; explicitFileType = wrapper.application; includeInIndex = 0; path = Chirper.app; sourceTree = BUILT_PRODUCTS_DIR; };
		42B78350283560DB00E18476 /* ChirperApp.swift */ = {isa = PBXFileReference; lastKnownFileType = sourcecode.swift; path = ChirperApp.swift; sourceTree = "<group>"; };
		42B78352283560DB00E18476 /* ContentView.swift */ = {isa = PBXFileReference; lastKnownFileType = sourcecode.swift; path = ContentView.swift; sourceTree = "<group>"; };
		42B78354283560DD00E18476 /* Assets.xcassets */ = {isa = PBXFileReference; lastKnownFileType = folder.assetcatalog; path = Assets.xcassets; sourceTree = "<group>"; };
		42B78357283560DD00E18476 /* Preview Assets.xcassets */ = {isa = PBXFileReference; lastKnownFileType = folder.assetcatalog; path = "Preview Assets.xcassets"; sourceTree = "<group>"; };
/* End PBXFileReference section */

/* Begin PBXFrameworksBuildPhase section */
		42B7834A283560DB00E18476 /* Frameworks */ = {
			isa = PBXFrameworksBuildPhase;
			buildActionMask = 2147483647;
			files = (
			);
			runOnlyForDeploymentPostprocessing = 0;
		};
/* End PBXFrameworksBuildPhase section */

/* Begin PBXGroup section */
		420E5CFE283C9D8B00EE601B /* Views */ = {
			isa = PBXGroup;
			children = (
				42A9EEA3283C6EA200E85919 /* ErrorView.swift */,
				42B2E46D283909300014BC83 /* LoginView.swift */,
				42B2E46F283910B30014BC83 /* RegisterView.swift */,
				4284CEC6283C92E7002A8AFC /* CreateMessageView.swift */,
				42B2E46B2838EC150014BC83 /* MessageView.swift */,
				42B78352283560DB00E18476 /* ContentView.swift */,
			);
			path = Views;
			sourceTree = "<group>";
		};
		420E5CFF283C9DD800EE601B /* ViewModels */ = {
			isa = PBXGroup;
			children = (
				42704620283817FD0038A8AF /* ViewModelCommon.swift */,
				420E5D01283CA1A100EE601B /* ViewModelNetworking.swift */,
				4270461E28380A650038A8AF /* UserViewModel.swift */,
				4270461C28380A550038A8AF /* MessageViewModel.swift */,
			);
			path = ViewModels;
			sourceTree = "<group>";
		};
		420E5D00283C9F2D00EE601B /* Models */ = {
			isa = PBXGroup;
			children = (
				420E5D03283CA22A00EE601B /* UserModel.swift */,
				420E5D05283CA23600EE601B /* MessageModel.swift */,
			);
			path = Models;
			sourceTree = "<group>";
		};
		42B78344283560DB00E18476 = {
			isa = PBXGroup;
			children = (
				42B7834F283560DB00E18476 /* Chirper */,
				42B7834E283560DB00E18476 /* Products */,
			);
			sourceTree = "<group>";
		};
		42B7834E283560DB00E18476 /* Products */ = {
			isa = PBXGroup;
			children = (
				42B7834D283560DB00E18476 /* Chirper.app */,
			);
			name = Products;
			sourceTree = "<group>";
		};
		42B7834F283560DB00E18476 /* Chirper */ = {
			isa = PBXGroup;
			children = (
				420E5D00283C9F2D00EE601B /* Models */,
				420E5CFF283C9DD800EE601B /* ViewModels */,
				420E5CFE283C9D8B00EE601B /* Views */,
				42B78350283560DB00E18476 /* ChirperApp.swift */,
				42704622283845DA0038A8AF /* Info.plist */,
				42B78354283560DD00E18476 /* Assets.xcassets */,
				42B78356283560DD00E18476 /* Preview Content */,
			);
			path = Chirper;
			sourceTree = "<group>";
		};
		42B78356283560DD00E18476 /* Preview Content */ = {
			isa = PBXGroup;
			children = (
				42B78357283560DD00E18476 /* Preview Assets.xcassets */,
			);
			path = "Preview Content";
			sourceTree = "<group>";
		};
/* End PBXGroup section */

/* Begin PBXNativeTarget section */
		42B7834C283560DB00E18476 /* Chirper */ = {
			isa = PBXNativeTarget;
			buildConfigurationList = 42B7835B283560DD00E18476 /* Build configuration list for PBXNativeTarget "Chirper" */;
			buildPhases = (
				42B78349283560DB00E18476 /* Sources */,
				42B7834A283560DB00E18476 /* Frameworks */,
				42B7834B283560DB00E18476 /* Resources */,
			);
			buildRules = (
			);
			dependencies = (
			);
			name = Chirper;
			productName = Chirper;
			productReference = 42B7834D283560DB00E18476 /* Chirper.app */;
			productType = "com.apple.product-type.application";
		};
/* End PBXNativeTarget section */

/* Begin PBXProject section */
		42B78345283560DB00E18476 /* Project object */ = {
			isa = PBXProject;
			attributes = {
				BuildIndependentTargetsInParallel = 1;
				LastSwiftUpdateCheck = 1340;
				LastUpgradeCheck = 1340;
				TargetAttributes = {
					42B7834C283560DB00E18476 = {
						CreatedOnToolsVersion = 13.4;
					};
				};
			};
			buildConfigurationList = 42B78348283560DB00E18476 /* Build configuration list for PBXProject "Chirper" */;
			compatibilityVersion = "Xcode 13.0";
			developmentRegion = en;
			hasScannedForEncodings = 0;
			knownRegions = (
				en,
				Base,
			);
			mainGroup = 42B78344283560DB00E18476;
			productRefGroup = 42B7834E283560DB00E18476 /* Products */;
			projectDirPath = "";
			projectRoot = "";
			targets = (
				42B7834C283560DB00E18476 /* Chirper */,
			);
		};
/* End PBXProject section */

/* Begin PBXResourcesBuildPhase section */
		42B7834B283560DB00E18476 /* Resources */ = {
			isa = PBXResourcesBuildPhase;
			buildActionMask = 2147483647;
			files = (
				42B78358283560DD00E18476 /* Preview Assets.xcassets in Resources */,
				42B78355283560DD00E18476 /* Assets.xcassets in Resources */,
			);
			runOnlyForDeploymentPostprocessing = 0;
		};
/* End PBXResourcesBuildPhase section */

/* Begin PBXSourcesBuildPhase section */
		42B78349283560DB00E18476 /* Sources */ = {
			isa = PBXSourcesBuildPhase;
			buildActionMask = 2147483647;
			files = (
				42B2E470283910B30014BC83 /* RegisterView.swift in Sources */,
				4270461F28380A650038A8AF /* UserViewModel.swift in Sources */,
				4284CEC7283C92E7002A8AFC /* CreateMessageView.swift in Sources */,
				4270461D28380A550038A8AF /* MessageViewModel.swift in Sources */,
				420E5D04283CA22A00EE601B /* UserModel.swift in Sources */,
				42B78353283560DB00E18476 /* ContentView.swift in Sources */,
				42A9EEA4283C6EA200E85919 /* ErrorView.swift in Sources */,
				42704621283817FD0038A8AF /* ViewModelCommon.swift in Sources */,
				420E5D06283CA23600EE601B /* MessageModel.swift in Sources */,
				420E5D02283CA1A100EE601B /* ViewModelNetworking.swift in Sources */,
				42B2E46C2838EC150014BC83 /* MessageView.swift in Sources */,
				42B2E46E283909300014BC83 /* LoginView.swift in Sources */,
				42B78351283560DB00E18476 /* ChirperApp.swift in Sources */,
			);
			runOnlyForDeploymentPostprocessing = 0;
		};
/* End PBXSourcesBuildPhase section */

/* Begin XCBuildConfiguration section */
		42B78359283560DD00E18476 /* Debug */ = {
			isa = XCBuildConfiguration;
			buildSettings = {
				ALWAYS_SEARCH_USER_PATHS = NO;
				CLANG_ANALYZER_NONNULL = YES;
				CLANG_ANALYZER_NUMBER_OBJECT_CONVERSION = YES_AGGRESSIVE;
				CLANG_CXX_LANGUAGE_STANDARD = "gnu++17";
				CLANG_ENABLE_MODULES = YES;
				CLANG_ENABLE_OBJC_ARC = YES;
				CLANG_ENABLE_OBJC_WEAK = YES;
				CLANG_WARN_BLOCK_CAPTURE_AUTORELEASING = YES;
				CLANG_WARN_BOOL_CONVERSION = YES;
				CLANG_WARN_COMMA = YES;
				CLANG_WARN_CONSTANT_CONVERSION = YES;
				CLANG_WARN_DEPRECATED_OBJC_IMPLEMENTATIONS = YES;
				CLANG_WARN_DIRECT_OBJC_ISA_USAGE = YES_ERROR;
				CLANG_WARN_DOCUMENTATION_COMMENTS = YES;
				CLANG_WARN_EMPTY_BODY = YES;
				CLANG_WARN_ENUM_CONVERSION = YES;
				CLANG_WARN_INFINITE_RECURSION = YES;
				CLANG_WARN_INT_CONVERSION = YES;
				CLANG_WARN_NON_LITERAL_NULL_CONVERSION = YES;
				CLANG_WARN_OBJC_IMPLICIT_RETAIN_SELF = YES;
				CLANG_WARN_OBJC_LITERAL_CONVERSION = YES;
				CLANG_WARN_OBJC_ROOT_CLASS = YES_ERROR;
				CLANG_WARN_QUOTED_INCLUDE_IN_FRAMEWORK_HEADER = YES;
				CLANG_WARN_RANGE_LOOP_ANALYSIS = YES;
				CLANG_WARN_STRICT_PROTOTYPES = YES;
				CLANG_WARN_SUSPICIOUS_MOVE = YES;
				CLANG_WARN_UNGUARDED_AVAILABILITY = YES_AGGRESSIVE;
				CLANG_WARN_UNREACHABLE_CODE = YES;
				CLANG_WARN__DUPLICATE_METHOD_MATCH = YES;
				COPY_PHASE_STRIP = NO;
				DEBUG_INFORMATION_FORMAT = dwarf;
				ENABLE_STRICT_OBJC_MSGSEND = YES;
				ENABLE_TESTABILITY = YES;
				GCC_C_LANGUAGE_STANDARD = gnu11;
				GCC_DYNAMIC_NO_PIC = NO;
				GCC_NO_COMMON_BLOCKS = YES;
				GCC_OPTIMIZATION_LEVEL = 0;
				GCC_PREPROCESSOR_DEFINITIONS = (
					"DEBUG=1",
					"$(inherited)",
				);
				GCC_WARN_64_TO_32_BIT_CONVERSION = YES;
				GCC_WARN_ABOUT_RETURN_TYPE = YES_ERROR;
				GCC_WARN_UNDECLARED_SELECTOR = YES;
				GCC_WARN_UNINITIALIZED_AUTOS = YES_AGGRESSIVE;
				GCC_WARN_UNUSED_FUNCTION = YES;
				GCC_WARN_UNUSED_VARIABLE = YES;
				IPHONEOS_DEPLOYMENT_TARGET = 15.5;
				MTL_ENABLE_DEBUG_INFO = INCLUDE_SOURCE;
				MTL_FAST_MATH = YES;
				ONLY_ACTIVE_ARCH = YES;
				SDKROOT = iphoneos;
				SWIFT_ACTIVE_COMPILATION_CONDITIONS = DEBUG;
				SWIFT_OPTIMIZATION_LEVEL = "-Onone";
			};
			name = Debug;
		};
		42B7835A283560DD00E18476 /* Release */ = {
			isa = XCBuildConfiguration;
			buildSettings = {
				ALWAYS_SEARCH_USER_PATHS = NO;
				CLANG_ANALYZER_NONNULL = YES;
				CLANG_ANALYZER_NUMBER_OBJECT_CONVERSION = YES_AGGRESSIVE;
				CLANG_CXX_LANGUAGE_STANDARD = "gnu++17";
				CLANG_ENABLE_MODULES = YES;
				CLANG_ENABLE_OBJC_ARC = YES;
				CLANG_ENABLE_OBJC_WEAK = YES;
				CLANG_WARN_BLOCK_CAPTURE_AUTORELEASING = YES;
				CLANG_WARN_BOOL_CONVERSION = YES;
				CLANG_WARN_COMMA = YES;
				CLANG_WARN_CONSTANT_CONVERSION = YES;
				CLANG_WARN_DEPRECATED_OBJC_IMPLEMENTATIONS = YES;
				CLANG_WARN_DIRECT_OBJC_ISA_USAGE = YES_ERROR;
				CLANG_WARN_DOCUMENTATION_COMMENTS = YES;
				CLANG_WARN_EMPTY_BODY = YES;
				CLANG_WARN_ENUM_CONVERSION = YES;
				CLANG_WARN_INFINITE_RECURSION = YES;
				CLANG_WARN_INT_CONVERSION = YES;
				CLANG_WARN_NON_LITERAL_NULL_CONVERSION = YES;
				CLANG_WARN_OBJC_IMPLICIT_RETAIN_SELF = YES;
				CLANG_WARN_OBJC_LITERAL_CONVERSION = YES;
				CLANG_WARN_OBJC_ROOT_CLASS = YES_ERROR;
				CLANG_WARN_QUOTED_INCLUDE_IN_FRAMEWORK_HEADER = YES;
				CLANG_WARN_RANGE_LOOP_ANALYSIS = YES;
				CLANG_WARN_STRICT_PROTOTYPES = YES;
				CLANG_WARN_SUSPICIOUS_MOVE = YES;
				CLANG_WARN_UNGUARDED_AVAILABILITY = YES_AGGRESSIVE;
				CLANG_WARN_UNREACHABLE_CODE = YES;
				CLANG_WARN__DUPLICATE_METHOD_MATCH = YES;
				COPY_PHASE_STRIP = NO;
				DEBUG_INFORMATION_FORMAT = "dwarf-with-dsym";
				ENABLE_NS_ASSERTIONS = NO;
				ENABLE_STRICT_OBJC_MSGSEND = YES;
				GCC_C_LANGUAGE_STANDARD = gnu11;
				GCC_NO_COMMON_BLOCKS = YES;
				GCC_WARN_64_TO_32_BIT_CONVERSION = YES;
				GCC_WARN_ABOUT_RETURN_TYPE = YES_ERROR;
				GCC_WARN_UNDECLARED_SELECTOR = YES;
				GCC_WARN_UNINITIALIZED_AUTOS = YES_AGGRESSIVE;
				GCC_WARN_UNUSED_FUNCTION = YES;
				GCC_WARN_UNUSED_VARIABLE = YES;
				IPHONEOS_DEPLOYMENT_TARGET = 15.5;
				MTL_ENABLE_DEBUG_INFO = NO;
				MTL_FAST_MATH = YES;
				SDKROOT = iphoneos;
				SWIFT_COMPILATION_MODE = wholemodule;
				SWIFT_OPTIMIZATION_LEVEL = "-O";
				VALIDATE_PRODUCT = YES;
			};
			name = Release;
		};
		42B7835C283560DD00E18476 /* Debug */ = {
			isa = XCBuildConfiguration;
			buildSettings = {
				ASSETCATALOG_COMPILER_APPICON_NAME = AppIcon;
				ASSETCATALOG_COMPILER_GLOBAL_ACCENT_COLOR_NAME = AccentColor;
				CODE_SIGN_STYLE = Automatic;
				CURRENT_PROJECT_VERSION = 1;
				DEVELOPMENT_ASSET_PATHS = "\"Chirper/Preview Content\"";
				DEVELOPMENT_TEAM = 5L83TZH93A;
				ENABLE_PREVIEWS = YES;
				GENERATE_INFOPLIST_FILE = YES;
				INFOPLIST_FILE = Chirper/Info.plist;
				INFOPLIST_KEY_UIApplicationSceneManifest_Generation = YES;
				INFOPLIST_KEY_UIApplicationSupportsIndirectInputEvents = YES;
				INFOPLIST_KEY_UILaunchScreen_Generation = YES;
				INFOPLIST_KEY_UISupportedInterfaceOrientations = UIInterfaceOrientationPortrait;
				INFOPLIST_KEY_UISupportedInterfaceOrientations_iPad = "UIInterfaceOrientationPortrait UIInterfaceOrientationPortraitUpsideDown UIInterfaceOrientationLandscapeLeft UIInterfaceOrientationLandscapeRight";
				INFOPLIST_KEY_UISupportedInterfaceOrientations_iPhone = "UIInterfaceOrientationPortrait UIInterfaceOrientationLandscapeLeft UIInterfaceOrientationLandscapeRight";
				LD_RUNPATH_SEARCH_PATHS = (
					"$(inherited)",
					"@executable_path/Frameworks",
				);
				MARKETING_VERSION = 1.0;
				PRODUCT_BUNDLE_IDENTIFIER = com.toksaitov.Chirper;
				PRODUCT_NAME = "$(TARGET_NAME)";
				SWIFT_EMIT_LOC_STRINGS = YES;
				SWIFT_VERSION = 5.0;
				TARGETED_DEVICE_FAMILY = 1;
			};
			name = Debug;
		};
		42B7835D283560DD00E18476 /* Release */ = {
			isa = XCBuildConfiguration;
			buildSettings = {
				ASSETCATALOG_COMPILER_APPICON_NAME = AppIcon;
				ASSETCATALOG_COMPILER_GLOBAL_ACCENT_COLOR_NAME = AccentColor;
				CODE_SIGN_STYLE = Automatic;
				CURRENT_PROJECT_VERSION = 1;
				DEVELOPMENT_ASSET_PATHS = "\"Chirper/Preview Content\"";
				DEVELOPMENT_TEAM = 5L83TZH93A;
				ENABLE_PREVIEWS = YES;
				GENERATE_INFOPLIST_FILE = YES;
				INFOPLIST_FILE = Chirper/Info.plist;
				INFOPLIST_KEY_UIApplicationSceneManifest_Generation = YES;
				INFOPLIST_KEY_UIApplicationSupportsIndirectInputEvents = YES;
				INFOPLIST_KEY_UILaunchScreen_Generation = YES;
				INFOPLIST_KEY_UISupportedInterfaceOrientations = UIInterfaceOrientationPortrait;
				INFOPLIST_KEY_UISupportedInterfaceOrientations_iPad = "UIInterfaceOrientationPortrait UIInterfaceOrientationPortraitUpsideDown UIInterfaceOrientationLandscapeLeft UIInterfaceOrientationLandscapeRight";
				INFOPLIST_KEY_UISupportedInterfaceOrientations_iPhone = "UIInterfaceOrientationPortrait UIInterfaceOrientationLandscapeLeft UIInterfaceOrientationLandscapeRight";
				LD_RUNPATH_SEARCH_PATHS = (
					"$(inherited)",
					"@executable_path/Frameworks",
				);
				MARKETING_VERSION = 1.0;
				PRODUCT_BUNDLE_IDENTIFIER = com.toksaitov.Chirper;
				PRODUCT_NAME = "$(TARGET_NAME)";
				SWIFT_EMIT_LOC_STRINGS = YES;
				SWIFT_VERSION = 5.0;
				TARGETED_DEVICE_FAMILY = 1;
			};
			name = Release;
		};
/* End XCBuildConfiguration section */

/* Begin XCConfigurationList section */
		42B78348283560DB00E18476 /* Build configuration list for PBXProject "Chirper" */ = {
			isa = XCConfigurationList;
			buildConfigurations = (
				42B78359283560DD00E18476 /* Debug */,
				42B7835A283560DD00E18476 /* Release */,
			);
			defaultConfigurationIsVisible = 0;
			defaultConfigurationName = Release;
		};
		42B7835B283560DD00E18476 /* Build configuration list for PBXNativeTarget "Chirper" */ = {
			isa = XCConfigurationList;
			buildConfigurations = (
				42B7835C283560DD00E18476 /* Debug */,
				42B7835D283560DD00E18476 /* Release */,
			);
			defaultConfigurationIsVisible = 0;
			defaultConfigurationName = Release;
		};
/* End XCConfigurationList section */
	};
	rootObject = 42B78345283560DB00E18476 /* Project object */;
}
